
Microsoft Visual Studio Solution File, Format Version 12.00
# Visual Studio Version 16
VisualStudioVersion = 16.0.31702.278
MinimumVisualStudioVersion = 10.0.40219.1
Project("{FAE04EC0-301F-11D3-BF4B-00C04F79EFBC}") = "Chessmaze", "Chessmaze\Chessmaze.csproj", "{C04A20DA-27A1-481E-A593-FA537A1EF150}"
EndProject
Global
	GlobalSection(SolutionConfigurationPlatforms) = preSolution
		Debug|Any CPU = Debug|Any CPU
		Release|Any CPU = Release|Any CPU
	EndGlobalSection
	GlobalSection(ProjectConfigurationPlatforms) = postSolution
		{C04A20DA-27A1-481E-A593-FA537A1EF150}.Debug|Any CPU.ActiveCfg = Debug|Any CPU
		{C04A20DA-27A1-481E-A593-FA537A1EF150}.Debug|Any CPU.Build.0 = Debug|Any CPU
		{C04A20DA-27A1-481E-A593-FA537A1EF150}.Release|Any CPU.ActiveCfg = Release|Any CPU
		{C04A20DA-27A1-481E-A593-FA537A1EF150}.Release|Any CPU.Build.0 = Release|Any CPU
	EndGlobalSection
	GlobalSection(SolutionProperties) = preSolution
		HideSolutionNode = FALSE
	EndGlobalSection
	GlobalSection(ExtensibilityGlobals) = postSolution
		SolutionGuid = {7DF89E08-9B30-44B9-9927-EB1D7A7393C5}
	EndGlobalSection
EndGlobal
